// !$*UTF8*$!
{
	archiveVersion = 1;
	classes = {
	};
	objectVersion = 56;
	objects = {

/* Begin PBXBuildFile section */
		423C555284D9E0F46CC5B7E2 /* Pods_Shoppe.framework in Frameworks */ = {isa = PBXBuildFile; fileRef = C132A98C2CEEF9068F2AAC0D /* Pods_Shoppe.framework */; };
		46071DBA2C7C778E00CC30D1 /* Initial.storyboard in Resources */ = {isa = PBXBuildFile; fileRef = 46071DB92C7C778E00CC30D1 /* Initial.storyboard */; };
		46071DBD2C7C786300CC30D1 /* WelcomeVC.swift in Sources */ = {isa = PBXBuildFile; fileRef = 46071DBC2C7C786300CC30D1 /* WelcomeVC.swift */; };
		46071DBF2C7C7EE000CC30D1 /* PrimaryButton.swift in Sources */ = {isa = PBXBuildFile; fileRef = 46071DBE2C7C7EE000CC30D1 /* PrimaryButton.swift */; };
		46071DC12C7C80A500CC30D1 /* Fonts.swift in Sources */ = {isa = PBXBuildFile; fileRef = 46071DC02C7C80A500CC30D1 /* Fonts.swift */; };
		46AFC3472C7C6D7300C62B24 /* Raleway-Italic-VariableFont_wght.ttf in Resources */ = {isa = PBXBuildFile; fileRef = 46AFC3462C7C6D7000C62B24 /* Raleway-Italic-VariableFont_wght.ttf */; };
		46AFC3482C7C6D7500C62B24 /* Raleway-VariableFont_wght.ttf in Resources */ = {isa = PBXBuildFile; fileRef = 46AFC3452C7C6D7000C62B24 /* Raleway-VariableFont_wght.ttf */; };
		46AFC34C2C7C6F1000C62B24 /* Extensions.swift in Sources */ = {isa = PBXBuildFile; fileRef = 46AFC34A2C7C6F1000C62B24 /* Extensions.swift */; };
		46AFC34D2C7C6F1000C62B24 /* Toast.swift in Sources */ = {isa = PBXBuildFile; fileRef = 46AFC34B2C7C6F1000C62B24 /* Toast.swift */; };
		46AFC34F2C7C73B200C62B24 /* LaunchScreen.storyboard in Resources */ = {isa = PBXBuildFile; fileRef = 46AFC34E2C7C73B200C62B24 /* LaunchScreen.storyboard */; };
		46BBA4902C7BA7AF00DF585F /* AppDelegate.swift in Sources */ = {isa = PBXBuildFile; fileRef = 46BBA48F2C7BA7AF00DF585F /* AppDelegate.swift */; };
		46BBA4922C7BA7AF00DF585F /* SceneDelegate.swift in Sources */ = {isa = PBXBuildFile; fileRef = 46BBA4912C7BA7AF00DF585F /* SceneDelegate.swift */; };
		46BBA4992C7BA7B000DF585F /* Assets.xcassets in Resources */ = {isa = PBXBuildFile; fileRef = 46BBA4982C7BA7B000DF585F /* Assets.xcassets */; };
		46BBA4AA2C7BB81A00DF585F /* NunitoSans-VariableFont_YTLC,opsz,wdth,wght.ttf in Resources */ = {isa = PBXBuildFile; fileRef = 46BBA4A92C7BB81500DF585F /* NunitoSans-VariableFont_YTLC,opsz,wdth,wght.ttf */; };
		46D6DA7E2C7CA7FD00D0BAC0 /* Poppins-Regular.ttf in Resources */ = {isa = PBXBuildFile; fileRef = 46D6DA762C7CA7F200D0BAC0 /* Poppins-Regular.ttf */; };
		46D6DA7F2C7CA7FD00D0BAC0 /* Poppins-Bold.ttf in Resources */ = {isa = PBXBuildFile; fileRef = 46D6DA772C7CA7F200D0BAC0 /* Poppins-Bold.ttf */; };
		46D6DA802C7CA7FD00D0BAC0 /* Poppins-Medium.ttf in Resources */ = {isa = PBXBuildFile; fileRef = 46D6DA6E2C7CA7F200D0BAC0 /* Poppins-Medium.ttf */; };
		46D6DA812C7CA7FD00D0BAC0 /* Poppins-SemiBoldItalic.ttf in Resources */ = {isa = PBXBuildFile; fileRef = 46D6DA7C2C7CA7F200D0BAC0 /* Poppins-SemiBoldItalic.ttf */; };
		46D6DA822C7CA7FD00D0BAC0 /* Poppins-ExtraBoldItalic.ttf in Resources */ = {isa = PBXBuildFile; fileRef = 46D6DA6C2C7CA7F200D0BAC0 /* Poppins-ExtraBoldItalic.ttf */; };
		46D6DA832C7CA7FD00D0BAC0 /* Poppins-LightItalic.ttf in Resources */ = {isa = PBXBuildFile; fileRef = 46D6DA752C7CA7F200D0BAC0 /* Poppins-LightItalic.ttf */; };
		46D6DA842C7CA7FD00D0BAC0 /* Poppins-Italic.ttf in Resources */ = {isa = PBXBuildFile; fileRef = 46D6DA6F2C7CA7F200D0BAC0 /* Poppins-Italic.ttf */; };
		46D6DA852C7CA7FD00D0BAC0 /* Poppins-MediumItalic.ttf in Resources */ = {isa = PBXBuildFile; fileRef = 46D6DA7D2C7CA7F200D0BAC0 /* Poppins-MediumItalic.ttf */; };
		46D6DA862C7CA7FD00D0BAC0 /* Poppins-ExtraBold.ttf in Resources */ = {isa = PBXBuildFile; fileRef = 46D6DA732C7CA7F200D0BAC0 /* Poppins-ExtraBold.ttf */; };
		46D6DA872C7CA7FD00D0BAC0 /* Poppins-ExtraLight.ttf in Resources */ = {isa = PBXBuildFile; fileRef = 46D6DA6D2C7CA7F200D0BAC0 /* Poppins-ExtraLight.ttf */; };
		46D6DA882C7CA7FD00D0BAC0 /* Poppins-Black.ttf in Resources */ = {isa = PBXBuildFile; fileRef = 46D6DA782C7CA7F200D0BAC0 /* Poppins-Black.ttf */; };
		46D6DA892C7CA7FD00D0BAC0 /* Poppins-BlackItalic.ttf in Resources */ = {isa = PBXBuildFile; fileRef = 46D6DA7A2C7CA7F200D0BAC0 /* Poppins-BlackItalic.ttf */; };
		46D6DA8A2C7CA7FD00D0BAC0 /* Poppins-BoldItalic.ttf in Resources */ = {isa = PBXBuildFile; fileRef = 46D6DA742C7CA7F200D0BAC0 /* Poppins-BoldItalic.ttf */; };
		46D6DA8B2C7CA7FD00D0BAC0 /* Poppins-Light.ttf in Resources */ = {isa = PBXBuildFile; fileRef = 46D6DA722C7CA7F200D0BAC0 /* Poppins-Light.ttf */; };
		46D6DA8C2C7CA7FD00D0BAC0 /* Poppins-ExtraLightItalic.ttf in Resources */ = {isa = PBXBuildFile; fileRef = 46D6DA712C7CA7F200D0BAC0 /* Poppins-ExtraLightItalic.ttf */; };
		46D6DA8D2C7CA7FD00D0BAC0 /* Poppins-SemiBold.ttf in Resources */ = {isa = PBXBuildFile; fileRef = 46D6DA7B2C7CA7F200D0BAC0 /* Poppins-SemiBold.ttf */; };
		46D6DA8E2C7CA7FD00D0BAC0 /* Poppins-Thin.ttf in Resources */ = {isa = PBXBuildFile; fileRef = 46D6DA702C7CA7F200D0BAC0 /* Poppins-Thin.ttf */; };
		46D6DA8F2C7CA7FD00D0BAC0 /* Poppins-ThinItalic.ttf in Resources */ = {isa = PBXBuildFile; fileRef = 46D6DA792C7CA7F200D0BAC0 /* Poppins-ThinItalic.ttf */; };
		46FDE6AF2C7CAFE800E7DC2C /* SignupVC.swift in Sources */ = {isa = PBXBuildFile; fileRef = 46FDE6AE2C7CAFE800E7DC2C /* SignupVC.swift */; };
/* End PBXBuildFile section */

/* Begin PBXFileReference section */
		455560CAA14E74BDAC6A8FFA /* Pods-Shoppe.release.xcconfig */ = {isa = PBXFileReference; includeInIndex = 1; lastKnownFileType = text.xcconfig; name = "Pods-Shoppe.release.xcconfig"; path = "Target Support Files/Pods-Shoppe/Pods-Shoppe.release.xcconfig"; sourceTree = "<group>"; };
		46071DB92C7C778E00CC30D1 /* Initial.storyboard */ = {isa = PBXFileReference; lastKnownFileType = file.storyboard; path = Initial.storyboard; sourceTree = "<group>"; };
		46071DBC2C7C786300CC30D1 /* WelcomeVC.swift */ = {isa = PBXFileReference; lastKnownFileType = sourcecode.swift; path = WelcomeVC.swift; sourceTree = "<group>"; };
		46071DBE2C7C7EE000CC30D1 /* PrimaryButton.swift */ = {isa = PBXFileReference; lastKnownFileType = sourcecode.swift; path = PrimaryButton.swift; sourceTree = "<group>"; };
		46071DC02C7C80A500CC30D1 /* Fonts.swift */ = {isa = PBXFileReference; lastKnownFileType = sourcecode.swift; path = Fonts.swift; sourceTree = "<group>"; };
		46AFC3452C7C6D7000C62B24 /* Raleway-VariableFont_wght.ttf */ = {isa = PBXFileReference; lastKnownFileType = file; path = "Raleway-VariableFont_wght.ttf"; sourceTree = "<group>"; };
		46AFC3462C7C6D7000C62B24 /* Raleway-Italic-VariableFont_wght.ttf */ = {isa = PBXFileReference; lastKnownFileType = file; path = "Raleway-Italic-VariableFont_wght.ttf"; sourceTree = "<group>"; };
		46AFC34A2C7C6F1000C62B24 /* Extensions.swift */ = {isa = PBXFileReference; fileEncoding = 4; lastKnownFileType = sourcecode.swift; path = Extensions.swift; sourceTree = "<group>"; };
		46AFC34B2C7C6F1000C62B24 /* Toast.swift */ = {isa = PBXFileReference; fileEncoding = 4; lastKnownFileType = sourcecode.swift; path = Toast.swift; sourceTree = "<group>"; };
		46AFC34E2C7C73B200C62B24 /* LaunchScreen.storyboard */ = {isa = PBXFileReference; lastKnownFileType = file.storyboard; path = LaunchScreen.storyboard; sourceTree = "<group>"; };
		46BBA48C2C7BA7AF00DF585F /* Shoppe.app */ = {isa = PBXFileReference; explicitFileType = wrapper.application; includeInIndex = 0; path = Shoppe.app; sourceTree = BUILT_PRODUCTS_DIR; };
		46BBA48F2C7BA7AF00DF585F /* AppDelegate.swift */ = {isa = PBXFileReference; lastKnownFileType = sourcecode.swift; path = AppDelegate.swift; sourceTree = "<group>"; };
		46BBA4912C7BA7AF00DF585F /* SceneDelegate.swift */ = {isa = PBXFileReference; lastKnownFileType = sourcecode.swift; path = SceneDelegate.swift; sourceTree = "<group>"; };
		46BBA4982C7BA7B000DF585F /* Assets.xcassets */ = {isa = PBXFileReference; lastKnownFileType = folder.assetcatalog; path = Assets.xcassets; sourceTree = "<group>"; };
		46BBA49D2C7BA7B000DF585F /* Info.plist */ = {isa = PBXFileReference; lastKnownFileType = text.plist.xml; path = Info.plist; sourceTree = "<group>"; };
		46BBA4A92C7BB81500DF585F /* NunitoSans-VariableFont_YTLC,opsz,wdth,wght.ttf */ = {isa = PBXFileReference; lastKnownFileType = file; path = "NunitoSans-VariableFont_YTLC,opsz,wdth,wght.ttf"; sourceTree = "<group>"; };
		46D6DA6C2C7CA7F200D0BAC0 /* Poppins-ExtraBoldItalic.ttf */ = {isa = PBXFileReference; lastKnownFileType = file; path = "Poppins-ExtraBoldItalic.ttf"; sourceTree = "<group>"; };
		46D6DA6D2C7CA7F200D0BAC0 /* Poppins-ExtraLight.ttf */ = {isa = PBXFileReference; lastKnownFileType = file; path = "Poppins-ExtraLight.ttf"; sourceTree = "<group>"; };
		46D6DA6E2C7CA7F200D0BAC0 /* Poppins-Medium.ttf */ = {isa = PBXFileReference; lastKnownFileType = file; path = "Poppins-Medium.ttf"; sourceTree = "<group>"; };
		46D6DA6F2C7CA7F200D0BAC0 /* Poppins-Italic.ttf */ = {isa = PBXFileReference; lastKnownFileType = file; path = "Poppins-Italic.ttf"; sourceTree = "<group>"; };
		46D6DA702C7CA7F200D0BAC0 /* Poppins-Thin.ttf */ = {isa = PBXFileReference; lastKnownFileType = file; path = "Poppins-Thin.ttf"; sourceTree = "<group>"; };
		46D6DA712C7CA7F200D0BAC0 /* Poppins-ExtraLightItalic.ttf */ = {isa = PBXFileReference; lastKnownFileType = file; path = "Poppins-ExtraLightItalic.ttf"; sourceTree = "<group>"; };
		46D6DA722C7CA7F200D0BAC0 /* Poppins-Light.ttf */ = {isa = PBXFileReference; lastKnownFileType = file; path = "Poppins-Light.ttf"; sourceTree = "<group>"; };
		46D6DA732C7CA7F200D0BAC0 /* Poppins-ExtraBold.ttf */ = {isa = PBXFileReference; lastKnownFileType = file; path = "Poppins-ExtraBold.ttf"; sourceTree = "<group>"; };
		46D6DA742C7CA7F200D0BAC0 /* Poppins-BoldItalic.ttf */ = {isa = PBXFileReference; lastKnownFileType = file; path = "Poppins-BoldItalic.ttf"; sourceTree = "<group>"; };
		46D6DA752C7CA7F200D0BAC0 /* Poppins-LightItalic.ttf */ = {isa = PBXFileReference; lastKnownFileType = file; path = "Poppins-LightItalic.ttf"; sourceTree = "<group>"; };
		46D6DA762C7CA7F200D0BAC0 /* Poppins-Regular.ttf */ = {isa = PBXFileReference; lastKnownFileType = file; path = "Poppins-Regular.ttf"; sourceTree = "<group>"; };
		46D6DA772C7CA7F200D0BAC0 /* Poppins-Bold.ttf */ = {isa = PBXFileReference; lastKnownFileType = file; path = "Poppins-Bold.ttf"; sourceTree = "<group>"; };
		46D6DA782C7CA7F200D0BAC0 /* Poppins-Black.ttf */ = {isa = PBXFileReference; lastKnownFileType = file; path = "Poppins-Black.ttf"; sourceTree = "<group>"; };
		46D6DA792C7CA7F200D0BAC0 /* Poppins-ThinItalic.ttf */ = {isa = PBXFileReference; lastKnownFileType = file; path = "Poppins-ThinItalic.ttf"; sourceTree = "<group>"; };
		46D6DA7A2C7CA7F200D0BAC0 /* Poppins-BlackItalic.ttf */ = {isa = PBXFileReference; lastKnownFileType = file; path = "Poppins-BlackItalic.ttf"; sourceTree = "<group>"; };
		46D6DA7B2C7CA7F200D0BAC0 /* Poppins-SemiBold.ttf */ = {isa = PBXFileReference; lastKnownFileType = file; path = "Poppins-SemiBold.ttf"; sourceTree = "<group>"; };
		46D6DA7C2C7CA7F200D0BAC0 /* Poppins-SemiBoldItalic.ttf */ = {isa = PBXFileReference; lastKnownFileType = file; path = "Poppins-SemiBoldItalic.ttf"; sourceTree = "<group>"; };
		46D6DA7D2C7CA7F200D0BAC0 /* Poppins-MediumItalic.ttf */ = {isa = PBXFileReference; lastKnownFileType = file; path = "Poppins-MediumItalic.ttf"; sourceTree = "<group>"; };
		46FDE6AE2C7CAFE800E7DC2C /* SignupVC.swift */ = {isa = PBXFileReference; lastKnownFileType = sourcecode.swift; path = SignupVC.swift; sourceTree = "<group>"; };
		A20873A80D184EB916AF5951 /* Pods-Shoppe.debug.xcconfig */ = {isa = PBXFileReference; includeInIndex = 1; lastKnownFileType = text.xcconfig; name = "Pods-Shoppe.debug.xcconfig"; path = "Target Support Files/Pods-Shoppe/Pods-Shoppe.debug.xcconfig"; sourceTree = "<group>"; };
		C132A98C2CEEF9068F2AAC0D /* Pods_Shoppe.framework */ = {isa = PBXFileReference; explicitFileType = wrapper.framework; includeInIndex = 0; path = Pods_Shoppe.framework; sourceTree = BUILT_PRODUCTS_DIR; };
/* End PBXFileReference section */

/* Begin PBXFrameworksBuildPhase section */
		46BBA4892C7BA7AF00DF585F /* Frameworks */ = {
			isa = PBXFrameworksBuildPhase;
			buildActionMask = 2147483647;
			files = (
				423C555284D9E0F46CC5B7E2 /* Pods_Shoppe.framework in Frameworks */,
			);
			runOnlyForDeploymentPostprocessing = 0;
		};
/* End PBXFrameworksBuildPhase section */

/* Begin PBXGroup section */
		46071DBB2C7C782300CC30D1 /* Initial */ = {
			isa = PBXGroup;
			children = (
				46071DBC2C7C786300CC30D1 /* WelcomeVC.swift */,
				46FDE6AE2C7CAFE800E7DC2C /* SignupVC.swift */,
			);
			path = Initial;
			sourceTree = "<group>";
		};
		46AFC3492C7C6EE900C62B24 /* Helper */ = {
			isa = PBXGroup;
			children = (
				46AFC34A2C7C6F1000C62B24 /* Extensions.swift */,
				46AFC34B2C7C6F1000C62B24 /* Toast.swift */,
				46071DBE2C7C7EE000CC30D1 /* PrimaryButton.swift */,
			);
			path = Helper;
			sourceTree = "<group>";
		};
		46BBA4832C7BA7AF00DF585F = {
			isa = PBXGroup;
			children = (
				46BBA48E2C7BA7AF00DF585F /* Shoppe */,
				46BBA48D2C7BA7AF00DF585F /* Products */,
				8BB24BB71BD07AB76B8F178F /* Pods */,
				5CB0B32932DFDE9282A23AC0 /* Frameworks */,
			);
			sourceTree = "<group>";
		};
		46BBA48D2C7BA7AF00DF585F /* Products */ = {
			isa = PBXGroup;
			children = (
				46BBA48C2C7BA7AF00DF585F /* Shoppe.app */,
			);
			name = Products;
			sourceTree = "<group>";
		};
		46BBA48E2C7BA7AF00DF585F /* Shoppe */ = {
			isa = PBXGroup;
			children = (
				46BBA4A42C7BAE1A00DF585F /* Delegates */,
				46BBA4A32C7BAE1300DF585F /* Storyboards */,
				46BBA4A52C7BAE3000DF585F /* Controllers */,
				46AFC3492C7C6EE900C62B24 /* Helper */,
				46BBA4A62C7BB7BA00DF585F /* Fonts */,
				46BBA4982C7BA7B000DF585F /* Assets.xcassets */,
				46BBA49D2C7BA7B000DF585F /* Info.plist */,
			);
			path = Shoppe;
			sourceTree = "<group>";
		};
		46BBA4A32C7BAE1300DF585F /* Storyboards */ = {
			isa = PBXGroup;
			children = (
				46AFC34E2C7C73B200C62B24 /* LaunchScreen.storyboard */,
				46071DB92C7C778E00CC30D1 /* Initial.storyboard */,
			);
			path = Storyboards;
			sourceTree = "<group>";
		};
		46BBA4A42C7BAE1A00DF585F /* Delegates */ = {
			isa = PBXGroup;
			children = (
				46BBA48F2C7BA7AF00DF585F /* AppDelegate.swift */,
				46BBA4912C7BA7AF00DF585F /* SceneDelegate.swift */,
			);
			path = Delegates;
			sourceTree = "<group>";
		};
		46BBA4A52C7BAE3000DF585F /* Controllers */ = {
			isa = PBXGroup;
			children = (
				46071DBB2C7C782300CC30D1 /* Initial */,
			);
			path = Controllers;
			sourceTree = "<group>";
		};
		46BBA4A62C7BB7BA00DF585F /* Fonts */ = {
			isa = PBXGroup;
			children = (
				46071DC02C7C80A500CC30D1 /* Fonts.swift */,
				46BBA4A92C7BB81500DF585F /* NunitoSans-VariableFont_YTLC,opsz,wdth,wght.ttf */,
				46AFC3462C7C6D7000C62B24 /* Raleway-Italic-VariableFont_wght.ttf */,
				46AFC3452C7C6D7000C62B24 /* Raleway-VariableFont_wght.ttf */,
				46D6DA782C7CA7F200D0BAC0 /* Poppins-Black.ttf */,
				46D6DA7A2C7CA7F200D0BAC0 /* Poppins-BlackItalic.ttf */,
				46D6DA772C7CA7F200D0BAC0 /* Poppins-Bold.ttf */,
				46D6DA742C7CA7F200D0BAC0 /* Poppins-BoldItalic.ttf */,
				46D6DA732C7CA7F200D0BAC0 /* Poppins-ExtraBold.ttf */,
				46D6DA6C2C7CA7F200D0BAC0 /* Poppins-ExtraBoldItalic.ttf */,
				46D6DA6D2C7CA7F200D0BAC0 /* Poppins-ExtraLight.ttf */,
				46D6DA712C7CA7F200D0BAC0 /* Poppins-ExtraLightItalic.ttf */,
				46D6DA6F2C7CA7F200D0BAC0 /* Poppins-Italic.ttf */,
				46D6DA722C7CA7F200D0BAC0 /* Poppins-Light.ttf */,
				46D6DA752C7CA7F200D0BAC0 /* Poppins-LightItalic.ttf */,
				46D6DA6E2C7CA7F200D0BAC0 /* Poppins-Medium.ttf */,
				46D6DA7D2C7CA7F200D0BAC0 /* Poppins-MediumItalic.ttf */,
				46D6DA762C7CA7F200D0BAC0 /* Poppins-Regular.ttf */,
				46D6DA7B2C7CA7F200D0BAC0 /* Poppins-SemiBold.ttf */,
				46D6DA7C2C7CA7F200D0BAC0 /* Poppins-SemiBoldItalic.ttf */,
				46D6DA702C7CA7F200D0BAC0 /* Poppins-Thin.ttf */,
				46D6DA792C7CA7F200D0BAC0 /* Poppins-ThinItalic.ttf */,
			);
			path = Fonts;
			sourceTree = "<group>";
		};
		5CB0B32932DFDE9282A23AC0 /* Frameworks */ = {
			isa = PBXGroup;
			children = (
				C132A98C2CEEF9068F2AAC0D /* Pods_Shoppe.framework */,
			);
			name = Frameworks;
			sourceTree = "<group>";
		};
		8BB24BB71BD07AB76B8F178F /* Pods */ = {
			isa = PBXGroup;
			children = (
				A20873A80D184EB916AF5951 /* Pods-Shoppe.debug.xcconfig */,
				455560CAA14E74BDAC6A8FFA /* Pods-Shoppe.release.xcconfig */,
			);
			path = Pods;
			sourceTree = "<group>";
		};
/* End PBXGroup section */

/* Begin PBXNativeTarget section */
		46BBA48B2C7BA7AF00DF585F /* Shoppe */ = {
			isa = PBXNativeTarget;
			buildConfigurationList = 46BBA4A02C7BA7B000DF585F /* Build configuration list for PBXNativeTarget "Shoppe" */;
			buildPhases = (
				7378CF2A1D08CD9B7546858A /* [CP] Check Pods Manifest.lock */,
				46BBA4882C7BA7AF00DF585F /* Sources */,
				46BBA4892C7BA7AF00DF585F /* Frameworks */,
				46BBA48A2C7BA7AF00DF585F /* Resources */,
				F534980972E8F3D3AD3DE99E /* [CP] Embed Pods Frameworks */,
			);
			buildRules = (
			);
			dependencies = (
			);
			name = Shoppe;
			productName = Shoppe;
			productReference = 46BBA48C2C7BA7AF00DF585F /* Shoppe.app */;
			productType = "com.apple.product-type.application";
		};
/* End PBXNativeTarget section */

/* Begin PBXProject section */
		46BBA4842C7BA7AF00DF585F /* Project object */ = {
			isa = PBXProject;
			attributes = {
				BuildIndependentTargetsInParallel = 1;
				LastSwiftUpdateCheck = 1510;
				LastUpgradeCheck = 1510;
				TargetAttributes = {
					46BBA48B2C7BA7AF00DF585F = {
						CreatedOnToolsVersion = 15.1;
					};
				};
			};
			buildConfigurationList = 46BBA4872C7BA7AF00DF585F /* Build configuration list for PBXProject "Shoppe" */;
			compatibilityVersion = "Xcode 14.0";
			developmentRegion = en;
			hasScannedForEncodings = 0;
			knownRegions = (
				en,
				Base,
			);
			mainGroup = 46BBA4832C7BA7AF00DF585F;
			productRefGroup = 46BBA48D2C7BA7AF00DF585F /* Products */;
			projectDirPath = "";
			projectRoot = "";
			targets = (
				46BBA48B2C7BA7AF00DF585F /* Shoppe */,
			);
		};
/* End PBXProject section */

/* Begin PBXResourcesBuildPhase section */
		46BBA48A2C7BA7AF00DF585F /* Resources */ = {
			isa = PBXResourcesBuildPhase;
			buildActionMask = 2147483647;
			files = (
				46AFC3482C7C6D7500C62B24 /* Raleway-VariableFont_wght.ttf in Resources */,
				46D6DA882C7CA7FD00D0BAC0 /* Poppins-Black.ttf in Resources */,
				46D6DA862C7CA7FD00D0BAC0 /* Poppins-ExtraBold.ttf in Resources */,
				46BBA4992C7BA7B000DF585F /* Assets.xcassets in Resources */,
				46D6DA8A2C7CA7FD00D0BAC0 /* Poppins-BoldItalic.ttf in Resources */,
				46D6DA7E2C7CA7FD00D0BAC0 /* Poppins-Regular.ttf in Resources */,
				46D6DA872C7CA7FD00D0BAC0 /* Poppins-ExtraLight.ttf in Resources */,
				46D6DA7F2C7CA7FD00D0BAC0 /* Poppins-Bold.ttf in Resources */,
				46AFC34F2C7C73B200C62B24 /* LaunchScreen.storyboard in Resources */,
				46D6DA8F2C7CA7FD00D0BAC0 /* Poppins-ThinItalic.ttf in Resources */,
				46D6DA852C7CA7FD00D0BAC0 /* Poppins-MediumItalic.ttf in Resources */,
				46D6DA812C7CA7FD00D0BAC0 /* Poppins-SemiBoldItalic.ttf in Resources */,
				46D6DA8B2C7CA7FD00D0BAC0 /* Poppins-Light.ttf in Resources */,
				46D6DA822C7CA7FD00D0BAC0 /* Poppins-ExtraBoldItalic.ttf in Resources */,
				46D6DA8D2C7CA7FD00D0BAC0 /* Poppins-SemiBold.ttf in Resources */,
				46D6DA842C7CA7FD00D0BAC0 /* Poppins-Italic.ttf in Resources */,
				46D6DA832C7CA7FD00D0BAC0 /* Poppins-LightItalic.ttf in Resources */,
				46D6DA8C2C7CA7FD00D0BAC0 /* Poppins-ExtraLightItalic.ttf in Resources */,
				46071DBA2C7C778E00CC30D1 /* Initial.storyboard in Resources */,
				46D6DA802C7CA7FD00D0BAC0 /* Poppins-Medium.ttf in Resources */,
				46D6DA8E2C7CA7FD00D0BAC0 /* Poppins-Thin.ttf in Resources */,
				46BBA4AA2C7BB81A00DF585F /* NunitoSans-VariableFont_YTLC,opsz,wdth,wght.ttf in Resources */,
				46D6DA892C7CA7FD00D0BAC0 /* Poppins-BlackItalic.ttf in Resources */,
				46AFC3472C7C6D7300C62B24 /* Raleway-Italic-VariableFont_wght.ttf in Resources */,
			);
			runOnlyForDeploymentPostprocessing = 0;
		};
/* End PBXResourcesBuildPhase section */

/* Begin PBXShellScriptBuildPhase section */
		7378CF2A1D08CD9B7546858A /* [CP] Check Pods Manifest.lock */ = {
			isa = PBXShellScriptBuildPhase;
			buildActionMask = 2147483647;
			files = (
			);
			inputFileListPaths = (
			);
			inputPaths = (
				"${PODS_PODFILE_DIR_PATH}/Podfile.lock",
				"${PODS_ROOT}/Manifest.lock",
			);
			name = "[CP] Check Pods Manifest.lock";
			outputFileListPaths = (
			);
			outputPaths = (
				"$(DERIVED_FILE_DIR)/Pods-Shoppe-checkManifestLockResult.txt",
			);
			runOnlyForDeploymentPostprocessing = 0;
			shellPath = /bin/sh;
			shellScript = "diff \"${PODS_PODFILE_DIR_PATH}/Podfile.lock\" \"${PODS_ROOT}/Manifest.lock\" > /dev/null\nif [ $? != 0 ] ; then\n    # print error to STDERR\n    echo \"error: The sandbox is not in sync with the Podfile.lock. Run 'pod install' or update your CocoaPods installation.\" >&2\n    exit 1\nfi\n# This output is used by Xcode 'outputs' to avoid re-running this script phase.\necho \"SUCCESS\" > \"${SCRIPT_OUTPUT_FILE_0}\"\n";
			showEnvVarsInLog = 0;
		};
		F534980972E8F3D3AD3DE99E /* [CP] Embed Pods Frameworks */ = {
			isa = PBXShellScriptBuildPhase;
			buildActionMask = 2147483647;
			files = (
			);
			inputFileListPaths = (
				"${PODS_ROOT}/Target Support Files/Pods-Shoppe/Pods-Shoppe-frameworks-${CONFIGURATION}-input-files.xcfilelist",
			);
			name = "[CP] Embed Pods Frameworks";
			outputFileListPaths = (
				"${PODS_ROOT}/Target Support Files/Pods-Shoppe/Pods-Shoppe-frameworks-${CONFIGURATION}-output-files.xcfilelist",
			);
			runOnlyForDeploymentPostprocessing = 0;
			shellPath = /bin/sh;
			shellScript = "\"${PODS_ROOT}/Target Support Files/Pods-Shoppe/Pods-Shoppe-frameworks.sh\"\n";
			showEnvVarsInLog = 0;
		};
/* End PBXShellScriptBuildPhase section */

/* Begin PBXSourcesBuildPhase section */
		46BBA4882C7BA7AF00DF585F /* Sources */ = {
			isa = PBXSourcesBuildPhase;
			buildActionMask = 2147483647;
			files = (
				46FDE6AF2C7CAFE800E7DC2C /* SignupVC.swift in Sources */,
				46071DC12C7C80A500CC30D1 /* Fonts.swift in Sources */,
				46071DBF2C7C7EE000CC30D1 /* PrimaryButton.swift in Sources */,
				46BBA4902C7BA7AF00DF585F /* AppDelegate.swift in Sources */,
				46071DBD2C7C786300CC30D1 /* WelcomeVC.swift in Sources */,
				46AFC34D2C7C6F1000C62B24 /* Toast.swift in Sources */,
				46BBA4922C7BA7AF00DF585F /* SceneDelegate.swift in Sources */,
				46AFC34C2C7C6F1000C62B24 /* Extensions.swift in Sources */,
			);
			runOnlyForDeploymentPostprocessing = 0;
		};
/* End PBXSourcesBuildPhase section */

/* Begin XCBuildConfiguration section */
		46BBA49E2C7BA7B000DF585F /* Debug */ = {
			isa = XCBuildConfiguration;
			buildSettings = {
				ALWAYS_SEARCH_USER_PATHS = NO;
				ASSETCATALOG_COMPILER_GENERATE_SWIFT_ASSET_SYMBOL_EXTENSIONS = YES;
				CLANG_ANALYZER_NONNULL = YES;
				CLANG_ANALYZER_NUMBER_OBJECT_CONVERSION = YES_AGGRESSIVE;
				CLANG_CXX_LANGUAGE_STANDARD = "gnu++20";
				CLANG_ENABLE_MODULES = YES;
				CLANG_ENABLE_OBJC_ARC = YES;
				CLANG_ENABLE_OBJC_WEAK = YES;
				CLANG_WARN_BLOCK_CAPTURE_AUTORELEASING = YES;
				CLANG_WARN_BOOL_CONVERSION = YES;
				CLANG_WARN_COMMA = YES;
				CLANG_WARN_CONSTANT_CONVERSION = YES;
				CLANG_WARN_DEPRECATED_OBJC_IMPLEMENTATIONS = YES;
				CLANG_WARN_DIRECT_OBJC_ISA_USAGE = YES_ERROR;
				CLANG_WARN_DOCUMENTATION_COMMENTS = YES;
				CLANG_WARN_EMPTY_BODY = YES;
				CLANG_WARN_ENUM_CONVERSION = YES;
				CLANG_WARN_INFINITE_RECURSION = YES;
				CLANG_WARN_INT_CONVERSION = YES;
				CLANG_WARN_NON_LITERAL_NULL_CONVERSION = YES;
				CLANG_WARN_OBJC_IMPLICIT_RETAIN_SELF = YES;
				CLANG_WARN_OBJC_LITERAL_CONVERSION = YES;
				CLANG_WARN_OBJC_ROOT_CLASS = YES_ERROR;
				CLANG_WARN_QUOTED_INCLUDE_IN_FRAMEWORK_HEADER = YES;
				CLANG_WARN_RANGE_LOOP_ANALYSIS = YES;
				CLANG_WARN_STRICT_PROTOTYPES = YES;
				CLANG_WARN_SUSPICIOUS_MOVE = YES;
				CLANG_WARN_UNGUARDED_AVAILABILITY = YES_AGGRESSIVE;
				CLANG_WARN_UNREACHABLE_CODE = YES;
				CLANG_WARN__DUPLICATE_METHOD_MATCH = YES;
				COPY_PHASE_STRIP = NO;
				DEBUG_INFORMATION_FORMAT = dwarf;
				ENABLE_STRICT_OBJC_MSGSEND = YES;
				ENABLE_TESTABILITY = YES;
				ENABLE_USER_SCRIPT_SANDBOXING = YES;
				GCC_C_LANGUAGE_STANDARD = gnu17;
				GCC_DYNAMIC_NO_PIC = NO;
				GCC_NO_COMMON_BLOCKS = YES;
				GCC_OPTIMIZATION_LEVEL = 0;
				GCC_PREPROCESSOR_DEFINITIONS = (
					"DEBUG=1",
					"$(inherited)",
				);
				GCC_WARN_64_TO_32_BIT_CONVERSION = YES;
				GCC_WARN_ABOUT_RETURN_TYPE = YES_ERROR;
				GCC_WARN_UNDECLARED_SELECTOR = YES;
				GCC_WARN_UNINITIALIZED_AUTOS = YES_AGGRESSIVE;
				GCC_WARN_UNUSED_FUNCTION = YES;
				GCC_WARN_UNUSED_VARIABLE = YES;
				IPHONEOS_DEPLOYMENT_TARGET = 17.2;
				LOCALIZATION_PREFERS_STRING_CATALOGS = YES;
				MTL_ENABLE_DEBUG_INFO = INCLUDE_SOURCE;
				MTL_FAST_MATH = YES;
				ONLY_ACTIVE_ARCH = YES;
				SDKROOT = iphoneos;
				SWIFT_ACTIVE_COMPILATION_CONDITIONS = "DEBUG $(inherited)";
				SWIFT_OPTIMIZATION_LEVEL = "-Onone";
			};
			name = Debug;
		};
		46BBA49F2C7BA7B000DF585F /* Release */ = {
			isa = XCBuildConfiguration;
			buildSettings = {
				ALWAYS_SEARCH_USER_PATHS = NO;
				ASSETCATALOG_COMPILER_GENERATE_SWIFT_ASSET_SYMBOL_EXTENSIONS = YES;
				CLANG_ANALYZER_NONNULL = YES;
				CLANG_ANALYZER_NUMBER_OBJECT_CONVERSION = YES_AGGRESSIVE;
				CLANG_CXX_LANGUAGE_STANDARD = "gnu++20";
				CLANG_ENABLE_MODULES = YES;
				CLANG_ENABLE_OBJC_ARC = YES;
				CLANG_ENABLE_OBJC_WEAK = YES;
				CLANG_WARN_BLOCK_CAPTURE_AUTORELEASING = YES;
				CLANG_WARN_BOOL_CONVERSION = YES;
				CLANG_WARN_COMMA = YES;
				CLANG_WARN_CONSTANT_CONVERSION = YES;
				CLANG_WARN_DEPRECATED_OBJC_IMPLEMENTATIONS = YES;
				CLANG_WARN_DIRECT_OBJC_ISA_USAGE = YES_ERROR;
				CLANG_WARN_DOCUMENTATION_COMMENTS = YES;
				CLANG_WARN_EMPTY_BODY = YES;
				CLANG_WARN_ENUM_CONVERSION = YES;
				CLANG_WARN_INFINITE_RECURSION = YES;
				CLANG_WARN_INT_CONVERSION = YES;
				CLANG_WARN_NON_LITERAL_NULL_CONVERSION = YES;
				CLANG_WARN_OBJC_IMPLICIT_RETAIN_SELF = YES;
				CLANG_WARN_OBJC_LITERAL_CONVERSION = YES;
				CLANG_WARN_OBJC_ROOT_CLASS = YES_ERROR;
				CLANG_WARN_QUOTED_INCLUDE_IN_FRAMEWORK_HEADER = YES;
				CLANG_WARN_RANGE_LOOP_ANALYSIS = YES;
				CLANG_WARN_STRICT_PROTOTYPES = YES;
				CLANG_WARN_SUSPICIOUS_MOVE = YES;
				CLANG_WARN_UNGUARDED_AVAILABILITY = YES_AGGRESSIVE;
				CLANG_WARN_UNREACHABLE_CODE = YES;
				CLANG_WARN__DUPLICATE_METHOD_MATCH = YES;
				COPY_PHASE_STRIP = NO;
				DEBUG_INFORMATION_FORMAT = "dwarf-with-dsym";
				ENABLE_NS_ASSERTIONS = NO;
				ENABLE_STRICT_OBJC_MSGSEND = YES;
				ENABLE_USER_SCRIPT_SANDBOXING = YES;
				GCC_C_LANGUAGE_STANDARD = gnu17;
				GCC_NO_COMMON_BLOCKS = YES;
				GCC_WARN_64_TO_32_BIT_CONVERSION = YES;
				GCC_WARN_ABOUT_RETURN_TYPE = YES_ERROR;
				GCC_WARN_UNDECLARED_SELECTOR = YES;
				GCC_WARN_UNINITIALIZED_AUTOS = YES_AGGRESSIVE;
				GCC_WARN_UNUSED_FUNCTION = YES;
				GCC_WARN_UNUSED_VARIABLE = YES;
				IPHONEOS_DEPLOYMENT_TARGET = 17.2;
				LOCALIZATION_PREFERS_STRING_CATALOGS = YES;
				MTL_ENABLE_DEBUG_INFO = NO;
				MTL_FAST_MATH = YES;
				SDKROOT = iphoneos;
				SWIFT_COMPILATION_MODE = wholemodule;
				VALIDATE_PRODUCT = YES;
			};
			name = Release;
		};
		46BBA4A12C7BA7B000DF585F /* Debug */ = {
			isa = XCBuildConfiguration;
			baseConfigurationReference = A20873A80D184EB916AF5951 /* Pods-Shoppe.debug.xcconfig */;
			buildSettings = {
				ASSETCATALOG_COMPILER_APPICON_NAME = AppIcon;
				ASSETCATALOG_COMPILER_GLOBAL_ACCENT_COLOR_NAME = AccentColor;
				CODE_SIGN_STYLE = Automatic;
				CURRENT_PROJECT_VERSION = 1;
				DEVELOPMENT_TEAM = M9WYKNZLTB;
				ENABLE_USER_SCRIPT_SANDBOXING = NO;
				GENERATE_INFOPLIST_FILE = YES;
				INFOPLIST_FILE = Shoppe/Info.plist;
				INFOPLIST_KEY_UIApplicationSupportsIndirectInputEvents = YES;
				INFOPLIST_KEY_UILaunchStoryboardName = LaunchScreen.storyboard;
				INFOPLIST_KEY_UISupportedInterfaceOrientations_iPad = "UIInterfaceOrientationPortrait UIInterfaceOrientationPortraitUpsideDown UIInterfaceOrientationLandscapeLeft UIInterfaceOrientationLandscapeRight";
				INFOPLIST_KEY_UISupportedInterfaceOrientations_iPhone = "UIInterfaceOrientationPortrait UIInterfaceOrientationLandscapeLeft UIInterfaceOrientationLandscapeRight";
				IPHONEOS_DEPLOYMENT_TARGET = 13.0;
				LD_RUNPATH_SEARCH_PATHS = (
					"$(inherited)",
					"@executable_path/Frameworks",
				);
				MARKETING_VERSION = 1.0;
				PRODUCT_BUNDLE_IDENTIFIER = com.Shoppe;
				PRODUCT_NAME = "$(TARGET_NAME)";
				SWIFT_EMIT_LOC_STRINGS = YES;
				SWIFT_VERSION = 5.0;
				TARGETED_DEVICE_FAMILY = "1,2";
			};
			name = Debug;
		};
		46BBA4A22C7BA7B000DF585F /* Release */ = {
			isa = XCBuildConfiguration;
			baseConfigurationReference = 455560CAA14E74BDAC6A8FFA /* Pods-Shoppe.release.xcconfig */;
			buildSettings = {
				ASSETCATALOG_COMPILER_APPICON_NAME = AppIcon;
				ASSETCATALOG_COMPILER_GLOBAL_ACCENT_COLOR_NAME = AccentColor;
				CODE_SIGN_STYLE = Automatic;
				CURRENT_PROJECT_VERSION = 1;
				DEVELOPMENT_TEAM = M9WYKNZLTB;
				ENABLE_USER_SCRIPT_SANDBOXING = NO;
				GENERATE_INFOPLIST_FILE = YES;
				INFOPLIST_FILE = Shoppe/Info.plist;
				INFOPLIST_KEY_UIApplicationSupportsIndirectInputEvents = YES;
				INFOPLIST_KEY_UILaunchStoryboardName = LaunchScreen.storyboard;
				INFOPLIST_KEY_UISupportedInterfaceOrientations_iPad = "UIInterfaceOrientationPortrait UIInterfaceOrientationPortraitUpsideDown UIInterfaceOrientationLandscapeLeft UIInterfaceOrientationLandscapeRight";
				INFOPLIST_KEY_UISupportedInterfaceOrientations_iPhone = "UIInterfaceOrientationPortrait UIInterfaceOrientationLandscapeLeft UIInterfaceOrientationLandscapeRight";
				IPHONEOS_DEPLOYMENT_TARGET = 13.0;
				LD_RUNPATH_SEARCH_PATHS = (
					"$(inherited)",
					"@executable_path/Frameworks",
				);
				MARKETING_VERSION = 1.0;
				PRODUCT_BUNDLE_IDENTIFIER = com.Shoppe;
				PRODUCT_NAME = "$(TARGET_NAME)";
				SWIFT_EMIT_LOC_STRINGS = YES;
				SWIFT_VERSION = 5.0;
				TARGETED_DEVICE_FAMILY = "1,2";
			};
			name = Release;
		};
/* End XCBuildConfiguration section */

/* Begin XCConfigurationList section */
		46BBA4872C7BA7AF00DF585F /* Build configuration list for PBXProject "Shoppe" */ = {
			isa = XCConfigurationList;
			buildConfigurations = (
				46BBA49E2C7BA7B000DF585F /* Debug */,
				46BBA49F2C7BA7B000DF585F /* Release */,
			);
			defaultConfigurationIsVisible = 0;
			defaultConfigurationName = Release;
		};
		46BBA4A02C7BA7B000DF585F /* Build configuration list for PBXNativeTarget "Shoppe" */ = {
			isa = XCConfigurationList;
			buildConfigurations = (
				46BBA4A12C7BA7B000DF585F /* Debug */,
				46BBA4A22C7BA7B000DF585F /* Release */,
			);
			defaultConfigurationIsVisible = 0;
			defaultConfigurationName = Release;
		};
/* End XCConfigurationList section */
	};
	rootObject = 46BBA4842C7BA7AF00DF585F /* Project object */;
}
